
Microsoft Visual Studio Solution File, Format Version 12.00
# Visual Studio Version 17
VisualStudioVersion = 17.4.33122.133
MinimumVisualStudioVersion = 10.0.40219.1
Project("{FAE04EC0-301F-11D3-BF4B-00C04F79EFBC}") = "NumberList.UnitTest", "NumberList.UnitTest\NumberList.UnitTest.csproj", "{8319AD5C-C1A0-490B-9521-A413C98BBCE0}"
EndProject
Project("{FAE04EC0-301F-11D3-BF4B-00C04F79EFBC}") = "NumberList.ConApp", "NumberList.ConApp\NumberList.ConApp.csproj", "{83957379-225A-47AE-B047-694CC020E4F8}"
EndProject
Project("{2150E333-8FDC-42A3-9474-1A3956D46DE8}") = "Solution Items", "Solution Items", "{DC5E9CD9-2945-42CE-A307-1F68144A0A83}"
	ProjectSection(SolutionItems) = preProject
		ReadMe.md = ReadMe.md
	EndProjectSection
EndProject
Global
	GlobalSection(SolutionConfigurationPlatforms) = preSolution
		Debug|Any CPU = Debug|Any CPU
		Release|Any CPU = Release|Any CPU
	EndGlobalSection
	GlobalSection(ProjectConfigurationPlatforms) = postSolution
		{8319AD5C-C1A0-490B-9521-A413C98BBCE0}.Debug|Any CPU.ActiveCfg = Debug|Any CPU
		{8319AD5C-C1A0-490B-9521-A413C98BBCE0}.Debug|Any CPU.Build.0 = Debug|Any CPU
		{8319AD5C-C1A0-490B-9521-A413C98BBCE0}.Release|Any CPU.ActiveCfg = Release|Any CPU
		{8319AD5C-C1A0-490B-9521-A413C98BBCE0}.Release|Any CPU.Build.0 = Release|Any CPU
		{83957379-225A-47AE-B047-694CC020E4F8}.Debug|Any CPU.ActiveCfg = Debug|Any CPU
		{83957379-225A-47AE-B047-694CC020E4F8}.Debug|Any CPU.Build.0 = Debug|Any CPU
		{83957379-225A-47AE-B047-694CC020E4F8}.Release|Any CPU.ActiveCfg = Release|Any CPU
		{83957379-225A-47AE-B047-694CC020E4F8}.Release|Any CPU.Build.0 = Release|Any CPU
	EndGlobalSection
	GlobalSection(SolutionProperties) = preSolution
		HideSolutionNode = FALSE
	EndGlobalSection
	GlobalSection(ExtensibilityGlobals) = postSolution
		SolutionGuid = {EC68D674-E699-4D78-BF16-466EF8750DDF}
	EndGlobalSection
EndGlobal
